golang.org/x/net v0.39.0 h1:ZCu7HMWDxpXpaiKdhzIfaltL9Lp31x/3fCP11bc6/fY=
golang.org/x/net v0.39.0/go.mod h1:X7NRbYVEA+ewNkCNyJ513WmMdQ3BineSwVtN2zD/d+E=
vimagination.zapto.org/httpencoding v1.1.1 h1:QKE0Cz6yq50DtoWnPunBCKEUvh2loyT5q8+hA9nlzDk=
vimagination.zapto.org/httpencoding v1.1.1/go.mod h1:jnEwxHVkbtkSBKt42IeT4FoNhRjDUqI1uBYjL9pmY3o=
vimagination.zapto.org/httpfile v1.1.2 h1:D2spkmY6TMZwjM/spCKLwfTroTCjaMI9h0yWOJmczk0=
vimagination.zapto.org/httpfile v1.1.2/go.mod h1:ClcCL5LE40iCk9yyC3MfncFEC/cOubhPh37jiy2yh3w=
vimagination.zapto.org/javascript v1.5.1 h1:ykiuPlQL6NCjryMiT9a1iLjoJX9ATS0pgUtjXqCbkVI=
vimagination.zapto.org/javascript v1.5.1/go.mod h1:VHox5R23pekFQihRLxhfKh3lvY9TbGhG5KhPtMnM2kw=
vimagination.zapto.org/jsonrpc v1.3.0 h1:H4v/UCZzOZu1Ir8ucKP5WMQD+HiLr+p4acpTeB9ps9Q=
vimagination.zapto.org/jsonrpc v1.3.0/go.mod h1:g41PBlAn31blw/VOQ2Vme2WUj0TI7OjPELvqn6luED4=
vimagination.zapto.org/parser v1.0.4 h1:7REiRsbDlO7amHGjrCMudJaaw+E854njekVmTTsI2Hg=
vimagination.zapto.org/parser v1.0.4/go.mod h1:MxM1MZY6A9AeEx6nahIQ6MJaGZqX80n6Vm3zGVqV9FU=
vimagination.zapto.org/tsserver v1.0.14 h1:IHwbKeEqtPrHgWtTkZGYBYKGzNH9qoFfd8lS987qIeI=
vimagination.zapto.org/tsserver v1.0.14/go.mod h1:Cu0Ozxy8GNBoOLoKrmwCIYTLXRTUrvylI80EmIqrf0Q=
