vimagination.zapto.org/javascript v0.0.6 h1:oEFdAIrYhfAlhLWuoIIqM6NBSEp0ZcN4E4Kvxom94d8=
vimagination.zapto.org/javascript v0.0.6/go.mod h1:YkihCKyCphmjPHqci4oJKHVABCcDFJ7w6UcRa3zsKaQ=
vimagination.zapto.org/memio v1.0.0 h1:r0GDf430aNuGpOAV57UTvbUzAf82UclRyGG/pBp1uvU=
vimagination.zapto.org/memio v1.0.0/go.mod h1:zHGDKp2tyvF4IAfLti4pKYqCJucXYmmKMb3UMrCHK/4=
vimagination.zapto.org/parser v1.0.0 h1:eIhnKZBf5WX48fwRNAp55ZCSJTpiKCiLXTFkimsXfq8=
vimagination.zapto.org/parser v1.0.0/go.mod h1:WT+8/T+qTZDNVO5GcXv8pWSn7AIWakJZWMN1mL662WY=
vimagination.zapto.org/rwcount v0.0.0-20190223222239-1da74d07801f h1:ar4f3c6dBqN2RvBFvUcPpaXhKhYX+IZQj6rfCGgPJ3M=
vimagination.zapto.org/rwcount v0.0.0-20190223222239-1da74d07801f/go.mod h1:lEj30C0ND1gyqNDORmrBL8iFUVMOmQpVhod5VBIsems=
