vimagination.zapto.org/javascript v0.0.0-20210318065732-d2a1b33a4c4c h1:CNxKHPO9ZKnFJPKzIAjoSE/b7zZzkGWo5LsA8Kwp51M=
vimagination.zapto.org/javascript v0.0.0-20210318065732-d2a1b33a4c4c/go.mod h1:ujFaKkRh1GJtGEZvtgc8tz3jVoxQAtUiv1/7LSDwIKk=
vimagination.zapto.org/parser v0.0.0-20190322094028-915635b05e24 h1:KSxxlFuRz9NsbybCrFOUN5omtkRD9NHY6Cw8plfZrVg=
vimagination.zapto.org/parser v0.0.0-20190322094028-915635b05e24/go.mod h1:WT+8/T+qTZDNVO5GcXv8pWSn7AIWakJZWMN1mL662WY=
