vimagination.zapto.org/javascript v1.4.18 h1:VBbPX13Ul9y/O4nAw5RpDVbZ+NbXmNmn20b3pYJyCdk=
vimagination.zapto.org/javascript v1.4.18/go.mod h1:VHox5R23pekFQihRLxhfKh3lvY9TbGhG5KhPtMnM2kw=
vimagination.zapto.org/parser v1.0.4 h1:7REiRsbDlO7amHGjrCMudJaaw+E854njekVmTTsI2Hg=
vimagination.zapto.org/parser v1.0.4/go.mod h1:MxM1MZY6A9AeEx6nahIQ6MJaGZqX80n6Vm3zGVqV9FU=
vimagination.zapto.org/rwcount v1.1.1 h1:ymxj9pEofsdSuyQSK+ha9MHxXuWiKIDvjei8lgsTCfM=
vimagination.zapto.org/rwcount v1.1.1/go.mod h1:lEj30C0ND1gyqNDORmrBL8iFUVMOmQpVhod5VBIsems=
